
Microsoft Visual Studio Solution File, Format Version 12.00
# Visual Studio 15
VisualStudioVersion = 15.0.27130.2036
MinimumVisualStudioVersion = 10.0.40219.1
Project("{2150E333-8FDC-42A3-9474-1A3956D46DE8}") = "Solution Items", "Solution Items", "{C0AA899C-24BE-4AA1-99E6-63DB0E29036A}"
	ProjectSection(SolutionItems) = preProject
		paket.dependencies = paket.dependencies
	EndProjectSection
EndProject
Project("{6EC3EE1D-3C4E-46DD-8F32-0CC8E7565705}") = "OpenAPITypeProvider", "src\OpenAPITypeProvider\OpenAPITypeProvider.fsproj", "{8A05A5F6-D202-4521-AAD3-F0C88FD98CB6}"
EndProject
Project("{6EC3EE1D-3C4E-46DD-8F32-0CC8E7565705}") = "OpenAPITypeProvider.Tests", "tests\OpenAPITypeProvider.Tests\OpenAPITypeProvider.Tests.fsproj", "{79D8760E-3A01-4009-9883-4FAB445F497D}"
EndProject
Global
	GlobalSection(SolutionConfigurationPlatforms) = preSolution
		Debug|Any CPU = Debug|Any CPU
		Release|Any CPU = Release|Any CPU
	EndGlobalSection
	GlobalSection(ProjectConfigurationPlatforms) = postSolution
		{8A05A5F6-D202-4521-AAD3-F0C88FD98CB6}.Debug|Any CPU.ActiveCfg = Debug|Any CPU
		{8A05A5F6-D202-4521-AAD3-F0C88FD98CB6}.Debug|Any CPU.Build.0 = Debug|Any CPU
		{8A05A5F6-D202-4521-AAD3-F0C88FD98CB6}.Release|Any CPU.ActiveCfg = Release|Any CPU
		{8A05A5F6-D202-4521-AAD3-F0C88FD98CB6}.Release|Any CPU.Build.0 = Release|Any CPU
		{79D8760E-3A01-4009-9883-4FAB445F497D}.Debug|Any CPU.ActiveCfg = Debug|Any CPU
		{79D8760E-3A01-4009-9883-4FAB445F497D}.Debug|Any CPU.Build.0 = Debug|Any CPU
		{79D8760E-3A01-4009-9883-4FAB445F497D}.Release|Any CPU.ActiveCfg = Release|Any CPU
		{79D8760E-3A01-4009-9883-4FAB445F497D}.Release|Any CPU.Build.0 = Release|Any CPU
	EndGlobalSection
	GlobalSection(SolutionProperties) = preSolution
		HideSolutionNode = FALSE
	EndGlobalSection
	GlobalSection(ExtensibilityGlobals) = postSolution
		SolutionGuid = {ECDEA165-1EDE-417A-9956-9D8C36234F94}
	EndGlobalSection
EndGlobal
