
Microsoft Visual Studio Solution File, Format Version 12.00
# Visual Studio 15
VisualStudioVersion = 15.0.27428.2002
MinimumVisualStudioVersion = 10.0.40219.1
Project("{F2A71F9B-5D33-465A-A702-920D77279786}") = "ConsoleApp", "ConsoleApp.fsproj", "{086410A9-7F1D-44C8-A5AE-EFCCEF12AEA4}"
EndProject
Global
	GlobalSection(SolutionConfigurationPlatforms) = preSolution
		Debug|Any CPU = Debug|Any CPU
		Release|Any CPU = Release|Any CPU
	EndGlobalSection
	GlobalSection(ProjectConfigurationPlatforms) = postSolution
		{086410A9-7F1D-44C8-A5AE-EFCCEF12AEA4}.Debug|Any CPU.ActiveCfg = Debug|Any CPU
		{086410A9-7F1D-44C8-A5AE-EFCCEF12AEA4}.Debug|Any CPU.Build.0 = Debug|Any CPU
		{086410A9-7F1D-44C8-A5AE-EFCCEF12AEA4}.Release|Any CPU.ActiveCfg = Release|Any CPU
		{086410A9-7F1D-44C8-A5AE-EFCCEF12AEA4}.Release|Any CPU.Build.0 = Release|Any CPU
	EndGlobalSection
	GlobalSection(SolutionProperties) = preSolution
		HideSolutionNode = FALSE
	EndGlobalSection
	GlobalSection(ExtensibilityGlobals) = postSolution
		SolutionGuid = {3C3C1357-4745-437B-BF12-1885D21B5F18}
	EndGlobalSection
EndGlobal
